
Microsoft Visual Studio Solution File, Format Version 12.00
Project("{FAE04EC0-301F-11D3-BF4B-00C04F79EFBC}") = "ConwaysGameOfLifeKata.Test", "ConwaysGameOfLifeKata.Test\ConwaysGameOfLifeKata.Test.csproj", "{A9241A6E-B932-4BC8-B202-EB01B617C7D2}"
EndProject
Project("{FAE04EC0-301F-11D3-BF4B-00C04F79EFBC}") = "ConwaysGameOfLife.Kata", "ConwaysGameOfLife.Kata\ConwaysGameOfLife.Kata.csproj", "{46D01462-6523-4CA7-8D98-173652CF534C}"
EndProject
Global
	GlobalSection(SolutionConfigurationPlatforms) = preSolution
		Debug|Any CPU = Debug|Any CPU
		Release|Any CPU = Release|Any CPU
	EndGlobalSection
	GlobalSection(ProjectConfigurationPlatforms) = postSolution
		{A9241A6E-B932-4BC8-B202-EB01B617C7D2}.Debug|Any CPU.ActiveCfg = Debug|Any CPU
		{A9241A6E-B932-4BC8-B202-EB01B617C7D2}.Debug|Any CPU.Build.0 = Debug|Any CPU
		{A9241A6E-B932-4BC8-B202-EB01B617C7D2}.Release|Any CPU.ActiveCfg = Release|Any CPU
		{A9241A6E-B932-4BC8-B202-EB01B617C7D2}.Release|Any CPU.Build.0 = Release|Any CPU
		{46D01462-6523-4CA7-8D98-173652CF534C}.Debug|Any CPU.ActiveCfg = Debug|Any CPU
		{46D01462-6523-4CA7-8D98-173652CF534C}.Debug|Any CPU.Build.0 = Debug|Any CPU
		{46D01462-6523-4CA7-8D98-173652CF534C}.Release|Any CPU.ActiveCfg = Release|Any CPU
		{46D01462-6523-4CA7-8D98-173652CF534C}.Release|Any CPU.Build.0 = Release|Any CPU
	EndGlobalSection
EndGlobal
